// !$*UTF8*$!
{
	archiveVersion = 1;
	classes = {
	};
	objectVersion = 55;
	objects = {

/* Begin PBXBuildFile section */
		0405576F279E4B710004B3F2 /* Tests_iOS.swift in Sources */ = {isa = PBXBuildFile; fileRef = 0405576E279E4B710004B3F2 /* Tests_iOS.swift */; };
		04055771279E4B710004B3F2 /* Tests_iOSLaunchTests.swift in Sources */ = {isa = PBXBuildFile; fileRef = 04055770279E4B710004B3F2 /* Tests_iOSLaunchTests.swift */; };
		0405577B279E4B710004B3F2 /* Tests_macOS.swift in Sources */ = {isa = PBXBuildFile; fileRef = 0405577A279E4B710004B3F2 /* Tests_macOS.swift */; };
		0405577D279E4B710004B3F2 /* Tests_macOSLaunchTests.swift in Sources */ = {isa = PBXBuildFile; fileRef = 0405577C279E4B710004B3F2 /* Tests_macOSLaunchTests.swift */; };
		0405577E279E4B710004B3F2 /* SoojiUIApp.swift in Sources */ = {isa = PBXBuildFile; fileRef = 04055756279E4B700004B3F2 /* SoojiUIApp.swift */; };
		0405577F279E4B710004B3F2 /* SoojiUIApp.swift in Sources */ = {isa = PBXBuildFile; fileRef = 04055756279E4B700004B3F2 /* SoojiUIApp.swift */; };
		04055780279E4B710004B3F2 /* ContentView.swift in Sources */ = {isa = PBXBuildFile; fileRef = 04055757279E4B700004B3F2 /* ContentView.swift */; };
		04055781279E4B710004B3F2 /* ContentView.swift in Sources */ = {isa = PBXBuildFile; fileRef = 04055757279E4B700004B3F2 /* ContentView.swift */; };
		04055782279E4B710004B3F2 /* Assets.xcassets in Resources */ = {isa = PBXBuildFile; fileRef = 04055758279E4B710004B3F2 /* Assets.xcassets */; };
		04055783279E4B710004B3F2 /* Assets.xcassets in Resources */ = {isa = PBXBuildFile; fileRef = 04055758279E4B710004B3F2 /* Assets.xcassets */; };
/* End PBXBuildFile section */

/* Begin PBXContainerItemProxy section */
		0405576B279E4B710004B3F2 /* PBXContainerItemProxy */ = {
			isa = PBXContainerItemProxy;
			containerPortal = 04055751279E4B6F0004B3F2 /* Project object */;
			proxyType = 1;
			remoteGlobalIDString = 0405575C279E4B710004B3F2;
			remoteInfo = "SoojiUI (iOS)";
		};
		04055777279E4B710004B3F2 /* PBXContainerItemProxy */ = {
			isa = PBXContainerItemProxy;
			containerPortal = 04055751279E4B6F0004B3F2 /* Project object */;
			proxyType = 1;
			remoteGlobalIDString = 04055762279E4B710004B3F2;
			remoteInfo = "SoojiUI (macOS)";
		};
/* End PBXContainerItemProxy section */

/* Begin PBXFileReference section */
		04055756279E4B700004B3F2 /* SoojiUIApp.swift */ = {isa = PBXFileReference; lastKnownFileType = sourcecode.swift; path = SoojiUIApp.swift; sourceTree = "<group>"; };
		04055757279E4B700004B3F2 /* ContentView.swift */ = {isa = PBXFileReference; lastKnownFileType = sourcecode.swift; path = ContentView.swift; sourceTree = "<group>"; };
		04055758279E4B710004B3F2 /* Assets.xcassets */ = {isa = PBXFileReference; lastKnownFileType = folder.assetcatalog; path = Assets.xcassets; sourceTree = "<group>"; };
		0405575D279E4B710004B3F2 /* SoojiUI.app */ = {isa = PBXFileReference; explicitFileType = wrapper.application; includeInIndex = 0; path = SoojiUI.app; sourceTree = BUILT_PRODUCTS_DIR; };
		04055763279E4B710004B3F2 /* SoojiUI.app */ = {isa = PBXFileReference; explicitFileType = wrapper.application; includeInIndex = 0; path = SoojiUI.app; sourceTree = BUILT_PRODUCTS_DIR; };
		04055765279E4B710004B3F2 /* macOS.entitlements */ = {isa = PBXFileReference; lastKnownFileType = text.plist.entitlements; path = macOS.entitlements; sourceTree = "<group>"; };
		0405576A279E4B710004B3F2 /* Tests iOS.xctest */ = {isa = PBXFileReference; explicitFileType = wrapper.cfbundle; includeInIndex = 0; path = "Tests iOS.xctest"; sourceTree = BUILT_PRODUCTS_DIR; };
		0405576E279E4B710004B3F2 /* Tests_iOS.swift */ = {isa = PBXFileReference; lastKnownFileType = sourcecode.swift; path = Tests_iOS.swift; sourceTree = "<group>"; };
		04055770279E4B710004B3F2 /* Tests_iOSLaunchTests.swift */ = {isa = PBXFileReference; lastKnownFileType = sourcecode.swift; path = Tests_iOSLaunchTests.swift; sourceTree = "<group>"; };
		04055776279E4B710004B3F2 /* Tests macOS.xctest */ = {isa = PBXFileReference; explicitFileType = wrapper.cfbundle; includeInIndex = 0; path = "Tests macOS.xctest"; sourceTree = BUILT_PRODUCTS_DIR; };
		0405577A279E4B710004B3F2 /* Tests_macOS.swift */ = {isa = PBXFileReference; lastKnownFileType = sourcecode.swift; path = Tests_macOS.swift; sourceTree = "<group>"; };
		0405577C279E4B710004B3F2 /* Tests_macOSLaunchTests.swift */ = {isa = PBXFileReference; lastKnownFileType = sourcecode.swift; path = Tests_macOSLaunchTests.swift; sourceTree = "<group>"; };
/* End PBXFileReference section */

/* Begin PBXFrameworksBuildPhase section */
		0405575A279E4B710004B3F2 /* Frameworks */ = {
			isa = PBXFrameworksBuildPhase;
			buildActionMask = 2147483647;
			files = (
			);
			runOnlyForDeploymentPostprocessing = 0;
		};
		04055760279E4B710004B3F2 /* Frameworks */ = {
			isa = PBXFrameworksBuildPhase;
			buildActionMask = 2147483647;
			files = (
			);
			runOnlyForDeploymentPostprocessing = 0;
		};
		04055767279E4B710004B3F2 /* Frameworks */ = {
			isa = PBXFrameworksBuildPhase;
			buildActionMask = 2147483647;
			files = (
			);
			runOnlyForDeploymentPostprocessing = 0;
		};
		04055773279E4B710004B3F2 /* Frameworks */ = {
			isa = PBXFrameworksBuildPhase;
			buildActionMask = 2147483647;
			files = (
			);
			runOnlyForDeploymentPostprocessing = 0;
		};
/* End PBXFrameworksBuildPhase section */

/* Begin PBXGroup section */
		04055750279E4B6F0004B3F2 = {
			isa = PBXGroup;
			children = (
				04055755279E4B700004B3F2 /* Shared */,
				04055764279E4B710004B3F2 /* macOS */,
				0405576D279E4B710004B3F2 /* Tests iOS */,
				04055779279E4B710004B3F2 /* Tests macOS */,
				0405575E279E4B710004B3F2 /* Products */,
			);
			sourceTree = "<group>";
		};
		04055755279E4B700004B3F2 /* Shared */ = {
			isa = PBXGroup;
			children = (
				04055756279E4B700004B3F2 /* SoojiUIApp.swift */,
				04055757279E4B700004B3F2 /* ContentView.swift */,
				04055758279E4B710004B3F2 /* Assets.xcassets */,
			);
			path = Shared;
			sourceTree = "<group>";
		};
		0405575E279E4B710004B3F2 /* Products */ = {
			isa = PBXGroup;
			children = (
				0405575D279E4B710004B3F2 /* SoojiUI.app */,
				04055763279E4B710004B3F2 /* SoojiUI.app */,
				0405576A279E4B710004B3F2 /* Tests iOS.xctest */,
				04055776279E4B710004B3F2 /* Tests macOS.xctest */,
			);
			name = Products;
			sourceTree = "<group>";
		};
		04055764279E4B710004B3F2 /* macOS */ = {
			isa = PBXGroup;
			children = (
				04055765279E4B710004B3F2 /* macOS.entitlements */,
			);
			path = macOS;
			sourceTree = "<group>";
		};
		0405576D279E4B710004B3F2 /* Tests iOS */ = {
			isa = PBXGroup;
			children = (
				0405576E279E4B710004B3F2 /* Tests_iOS.swift */,
				04055770279E4B710004B3F2 /* Tests_iOSLaunchTests.swift */,
			);
			path = "Tests iOS";
			sourceTree = "<group>";
		};
		04055779279E4B710004B3F2 /* Tests macOS */ = {
			isa = PBXGroup;
			children = (
				0405577A279E4B710004B3F2 /* Tests_macOS.swift */,
				0405577C279E4B710004B3F2 /* Tests_macOSLaunchTests.swift */,
			);
			path = "Tests macOS";
			sourceTree = "<group>";
		};
/* End PBXGroup section */

/* Begin PBXNativeTarget section */
		0405575C279E4B710004B3F2 /* SoojiUI (iOS) */ = {
			isa = PBXNativeTarget;
			buildConfigurationList = 04055786279E4B710004B3F2 /* Build configuration list for PBXNativeTarget "SoojiUI (iOS)" */;
			buildPhases = (
				04055759279E4B710004B3F2 /* Sources */,
				0405575A279E4B710004B3F2 /* Frameworks */,
				0405575B279E4B710004B3F2 /* Resources */,
			);
			buildRules = (
			);
			dependencies = (
			);
			name = "SoojiUI (iOS)";
			productName = "SoojiUI (iOS)";
			productReference = 0405575D279E4B710004B3F2 /* SoojiUI.app */;
			productType = "com.apple.product-type.application";
		};
		04055762279E4B710004B3F2 /* SoojiUI (macOS) */ = {
			isa = PBXNativeTarget;
			buildConfigurationList = 04055789279E4B710004B3F2 /* Build configuration list for PBXNativeTarget "SoojiUI (macOS)" */;
			buildPhases = (
				0405575F279E4B710004B3F2 /* Sources */,
				04055760279E4B710004B3F2 /* Frameworks */,
				04055761279E4B710004B3F2 /* Resources */,
			);
			buildRules = (
			);
			dependencies = (
			);
			name = "SoojiUI (macOS)";
			productName = "SoojiUI (macOS)";
			productReference = 04055763279E4B710004B3F2 /* SoojiUI.app */;
			productType = "com.apple.product-type.application";
		};
		04055769279E4B710004B3F2 /* Tests iOS */ = {
			isa = PBXNativeTarget;
			buildConfigurationList = 0405578C279E4B710004B3F2 /* Build configuration list for PBXNativeTarget "Tests iOS" */;
			buildPhases = (
				04055766279E4B710004B3F2 /* Sources */,
				04055767279E4B710004B3F2 /* Frameworks */,
				04055768279E4B710004B3F2 /* Resources */,
			);
			buildRules = (
			);
			dependencies = (
				0405576C279E4B710004B3F2 /* PBXTargetDependency */,
			);
			name = "Tests iOS";
			productName = "Tests iOS";
			productReference = 0405576A279E4B710004B3F2 /* Tests iOS.xctest */;
			productType = "com.apple.product-type.bundle.ui-testing";
		};
		04055775279E4B710004B3F2 /* Tests macOS */ = {
			isa = PBXNativeTarget;
			buildConfigurationList = 0405578F279E4B710004B3F2 /* Build configuration list for PBXNativeTarget "Tests macOS" */;
			buildPhases = (
				04055772279E4B710004B3F2 /* Sources */,
				04055773279E4B710004B3F2 /* Frameworks */,
				04055774279E4B710004B3F2 /* Resources */,
			);
			buildRules = (
			);
			dependencies = (
				04055778279E4B710004B3F2 /* PBXTargetDependency */,
			);
			name = "Tests macOS";
			productName = "Tests macOS";
			productReference = 04055776279E4B710004B3F2 /* Tests macOS.xctest */;
			productType = "com.apple.product-type.bundle.ui-testing";
		};
/* End PBXNativeTarget section */

/* Begin PBXProject section */
		04055751279E4B6F0004B3F2 /* Project object */ = {
			isa = PBXProject;
			attributes = {
				BuildIndependentTargetsInParallel = 1;
				LastSwiftUpdateCheck = 1320;
				LastUpgradeCheck = 1320;
				TargetAttributes = {
					0405575C279E4B710004B3F2 = {
						CreatedOnToolsVersion = 13.2.1;
					};
					04055762279E4B710004B3F2 = {
						CreatedOnToolsVersion = 13.2.1;
					};
					04055769279E4B710004B3F2 = {
						CreatedOnToolsVersion = 13.2.1;
						TestTargetID = 0405575C279E4B710004B3F2;
					};
					04055775279E4B710004B3F2 = {
						CreatedOnToolsVersion = 13.2.1;
						TestTargetID = 04055762279E4B710004B3F2;
					};
				};
			};
			buildConfigurationList = 04055754279E4B6F0004B3F2 /* Build configuration list for PBXProject "SoojiUI" */;
			compatibilityVersion = "Xcode 13.0";
			developmentRegion = en;
			hasScannedForEncodings = 0;
			knownRegions = (
				en,
				Base,
			);
			mainGroup = 04055750279E4B6F0004B3F2;
			productRefGroup = 0405575E279E4B710004B3F2 /* Products */;
			projectDirPath = "";
			projectRoot = "";
			targets = (
				0405575C279E4B710004B3F2 /* SoojiUI (iOS) */,
				04055762279E4B710004B3F2 /* SoojiUI (macOS) */,
				04055769279E4B710004B3F2 /* Tests iOS */,
				04055775279E4B710004B3F2 /* Tests macOS */,
			);
		};
/* End PBXProject section */

/* Begin PBXResourcesBuildPhase section */
		0405575B279E4B710004B3F2 /* Resources */ = {
			isa = PBXResourcesBuildPhase;
			buildActionMask = 2147483647;
			files = (
				04055782279E4B710004B3F2 /* Assets.xcassets in Resources */,
			);
			runOnlyForDeploymentPostprocessing = 0;
		};
		04055761279E4B710004B3F2 /* Resources */ = {
			isa = PBXResourcesBuildPhase;
			buildActionMask = 2147483647;
			files = (
				04055783279E4B710004B3F2 /* Assets.xcassets in Resources */,
			);
			runOnlyForDeploymentPostprocessing = 0;
		};
		04055768279E4B710004B3F2 /* Resources */ = {
			isa = PBXResourcesBuildPhase;
			buildActionMask = 2147483647;
			files = (
			);
			runOnlyForDeploymentPostprocessing = 0;
		};
		04055774279E4B710004B3F2 /* Resources */ = {
			isa = PBXResourcesBuildPhase;
			buildActionMask = 2147483647;
			files = (
			);
			runOnlyForDeploymentPostprocessing = 0;
		};
/* End PBXResourcesBuildPhase section */

/* Begin PBXSourcesBuildPhase section */
		04055759279E4B710004B3F2 /* Sources */ = {
			isa = PBXSourcesBuildPhase;
			buildActionMask = 2147483647;
			files = (
				04055780279E4B710004B3F2 /* ContentView.swift in Sources */,
				0405577E279E4B710004B3F2 /* SoojiUIApp.swift in Sources */,
			);
			runOnlyForDeploymentPostprocessing = 0;
		};
		0405575F279E4B710004B3F2 /* Sources */ = {
			isa = PBXSourcesBuildPhase;
			buildActionMask = 2147483647;
			files = (
				04055781279E4B710004B3F2 /* ContentView.swift in Sources */,
				0405577F279E4B710004B3F2 /* SoojiUIApp.swift in Sources */,
			);
			runOnlyForDeploymentPostprocessing = 0;
		};
		04055766279E4B710004B3F2 /* Sources */ = {
			isa = PBXSourcesBuildPhase;
			buildActionMask = 2147483647;
			files = (
				04055771279E4B710004B3F2 /* Tests_iOSLaunchTests.swift in Sources */,
				0405576F279E4B710004B3F2 /* Tests_iOS.swift in Sources */,
			);
			runOnlyForDeploymentPostprocessing = 0;
		};
		04055772279E4B710004B3F2 /* Sources */ = {
			isa = PBXSourcesBuildPhase;
			buildActionMask = 2147483647;
			files = (
				0405577D279E4B710004B3F2 /* Tests_macOSLaunchTests.swift in Sources */,
				0405577B279E4B710004B3F2 /* Tests_macOS.swift in Sources */,
			);
			runOnlyForDeploymentPostprocessing = 0;
		};
/* End PBXSourcesBuildPhase section */

/* Begin PBXTargetDependency section */
		0405576C279E4B710004B3F2 /* PBXTargetDependency */ = {
			isa = PBXTargetDependency;
			target = 0405575C279E4B710004B3F2 /* SoojiUI (iOS) */;
			targetProxy = 0405576B279E4B710004B3F2 /* PBXContainerItemProxy */;
		};
		04055778279E4B710004B3F2 /* PBXTargetDependency */ = {
			isa = PBXTargetDependency;
			target = 04055762279E4B710004B3F2 /* SoojiUI (macOS) */;
			targetProxy = 04055777279E4B710004B3F2 /* PBXContainerItemProxy */;
		};
/* End PBXTargetDependency section */

/* Begin XCBuildConfiguration section */
		04055784279E4B710004B3F2 /* Debug */ = {
			isa = XCBuildConfiguration;
			buildSettings = {
				ALWAYS_SEARCH_USER_PATHS = NO;
				CLANG_ANALYZER_NONNULL = YES;
				CLANG_ANALYZER_NUMBER_OBJECT_CONVERSION = YES_AGGRESSIVE;
				CLANG_CXX_LANGUAGE_STANDARD = "gnu++17";
				CLANG_CXX_LIBRARY = "libc++";
				CLANG_ENABLE_MODULES = YES;
				CLANG_ENABLE_OBJC_ARC = YES;
				CLANG_ENABLE_OBJC_WEAK = YES;
				CLANG_WARN_BLOCK_CAPTURE_AUTORELEASING = YES;
				CLANG_WARN_BOOL_CONVERSION = YES;
				CLANG_WARN_COMMA = YES;
				CLANG_WARN_CONSTANT_CONVERSION = YES;
				CLANG_WARN_DEPRECATED_OBJC_IMPLEMENTATIONS = YES;
				CLANG_WARN_DIRECT_OBJC_ISA_USAGE = YES_ERROR;
				CLANG_WARN_DOCUMENTATION_COMMENTS = YES;
				CLANG_WARN_EMPTY_BODY = YES;
				CLANG_WARN_ENUM_CONVERSION = YES;
				CLANG_WARN_INFINITE_RECURSION = YES;
				CLANG_WARN_INT_CONVERSION = YES;
				CLANG_WARN_NON_LITERAL_NULL_CONVERSION = YES;
				CLANG_WARN_OBJC_IMPLICIT_RETAIN_SELF = YES;
				CLANG_WARN_OBJC_LITERAL_CONVERSION = YES;
				CLANG_WARN_OBJC_ROOT_CLASS = YES_ERROR;
				CLANG_WARN_QUOTED_INCLUDE_IN_FRAMEWORK_HEADER = YES;
				CLANG_WARN_RANGE_LOOP_ANALYSIS = YES;
				CLANG_WARN_STRICT_PROTOTYPES = YES;
				CLANG_WARN_SUSPICIOUS_MOVE = YES;
				CLANG_WARN_UNGUARDED_AVAILABILITY = YES_AGGRESSIVE;
				CLANG_WARN_UNREACHABLE_CODE = YES;
				CLANG_WARN__DUPLICATE_METHOD_MATCH = YES;
				COPY_PHASE_STRIP = NO;
				DEBUG_INFORMATION_FORMAT = dwarf;
				ENABLE_STRICT_OBJC_MSGSEND = YES;
				ENABLE_TESTABILITY = YES;
				GCC_C_LANGUAGE_STANDARD = gnu11;
				GCC_DYNAMIC_NO_PIC = NO;
				GCC_NO_COMMON_BLOCKS = YES;
				GCC_OPTIMIZATION_LEVEL = 0;
				GCC_PREPROCESSOR_DEFINITIONS = (
					"DEBUG=1",
					"$(inherited)",
				);
				GCC_WARN_64_TO_32_BIT_CONVERSION = YES;
				GCC_WARN_ABOUT_RETURN_TYPE = YES_ERROR;
				GCC_WARN_UNDECLARED_SELECTOR = YES;
				GCC_WARN_UNINITIALIZED_AUTOS = YES_AGGRESSIVE;
				GCC_WARN_UNUSED_FUNCTION = YES;
				GCC_WARN_UNUSED_VARIABLE = YES;
				MTL_ENABLE_DEBUG_INFO = INCLUDE_SOURCE;
				MTL_FAST_MATH = YES;
				ONLY_ACTIVE_ARCH = YES;
				SWIFT_ACTIVE_COMPILATION_CONDITIONS = DEBUG;
				SWIFT_OPTIMIZATION_LEVEL = "-Onone";
			};
			name = Debug;
		};
		04055785279E4B710004B3F2 /* Release */ = {
			isa = XCBuildConfiguration;
			buildSettings = {
				ALWAYS_SEARCH_USER_PATHS = NO;
				CLANG_ANALYZER_NONNULL = YES;
				CLANG_ANALYZER_NUMBER_OBJECT_CONVERSION = YES_AGGRESSIVE;
				CLANG_CXX_LANGUAGE_STANDARD = "gnu++17";
				CLANG_CXX_LIBRARY = "libc++";
				CLANG_ENABLE_MODULES = YES;
				CLANG_ENABLE_OBJC_ARC = YES;
				CLANG_ENABLE_OBJC_WEAK = YES;
				CLANG_WARN_BLOCK_CAPTURE_AUTORELEASING = YES;
				CLANG_WARN_BOOL_CONVERSION = YES;
				CLANG_WARN_COMMA = YES;
				CLANG_WARN_CONSTANT_CONVERSION = YES;
				CLANG_WARN_DEPRECATED_OBJC_IMPLEMENTATIONS = YES;
				CLANG_WARN_DIRECT_OBJC_ISA_USAGE = YES_ERROR;
				CLANG_WARN_DOCUMENTATION_COMMENTS = YES;
				CLANG_WARN_EMPTY_BODY = YES;
				CLANG_WARN_ENUM_CONVERSION = YES;
				CLANG_WARN_INFINITE_RECURSION = YES;
				CLANG_WARN_INT_CONVERSION = YES;
				CLANG_WARN_NON_LITERAL_NULL_CONVERSION = YES;
				CLANG_WARN_OBJC_IMPLICIT_RETAIN_SELF = YES;
				CLANG_WARN_OBJC_LITERAL_CONVERSION = YES;
				CLANG_WARN_OBJC_ROOT_CLASS = YES_ERROR;
				CLANG_WARN_QUOTED_INCLUDE_IN_FRAMEWORK_HEADER = YES;
				CLANG_WARN_RANGE_LOOP_ANALYSIS = YES;
				CLANG_WARN_STRICT_PROTOTYPES = YES;
				CLANG_WARN_SUSPICIOUS_MOVE = YES;
				CLANG_WARN_UNGUARDED_AVAILABILITY = YES_AGGRESSIVE;
				CLANG_WARN_UNREACHABLE_CODE = YES;
				CLANG_WARN__DUPLICATE_METHOD_MATCH = YES;
				COPY_PHASE_STRIP = NO;
				DEBUG_INFORMATION_FORMAT = "dwarf-with-dsym";
				ENABLE_NS_ASSERTIONS = NO;
				ENABLE_STRICT_OBJC_MSGSEND = YES;
				GCC_C_LANGUAGE_STANDARD = gnu11;
				GCC_NO_COMMON_BLOCKS = YES;
				GCC_WARN_64_TO_32_BIT_CONVERSION = YES;
				GCC_WARN_ABOUT_RETURN_TYPE = YES_ERROR;
				GCC_WARN_UNDECLARED_SELECTOR = YES;
				GCC_WARN_UNINITIALIZED_AUTOS = YES_AGGRESSIVE;
				GCC_WARN_UNUSED_FUNCTION = YES;
				GCC_WARN_UNUSED_VARIABLE = YES;
				MTL_ENABLE_DEBUG_INFO = NO;
				MTL_FAST_MATH = YES;
				SWIFT_COMPILATION_MODE = wholemodule;
				SWIFT_OPTIMIZATION_LEVEL = "-O";
			};
			name = Release;
		};
		04055787279E4B710004B3F2 /* Debug */ = {
			isa = XCBuildConfiguration;
			buildSettings = {
				ASSETCATALOG_COMPILER_APPICON_NAME = AppIcon;
				ASSETCATALOG_COMPILER_GLOBAL_ACCENT_COLOR_NAME = AccentColor;
				CODE_SIGN_STYLE = Automatic;
				CURRENT_PROJECT_VERSION = 1;
				DEVELOPMENT_TEAM = VZDU4TSAAY;
				ENABLE_PREVIEWS = YES;
				GENERATE_INFOPLIST_FILE = YES;
				INFOPLIST_KEY_UIApplicationSceneManifest_Generation = YES;
				INFOPLIST_KEY_UIApplicationSupportsIndirectInputEvents = YES;
				INFOPLIST_KEY_UILaunchScreen_Generation = YES;
				INFOPLIST_KEY_UISupportedInterfaceOrientations_iPad = "UIInterfaceOrientationPortrait UIInterfaceOrientationPortraitUpsideDown UIInterfaceOrientationLandscapeLeft UIInterfaceOrientationLandscapeRight";
				INFOPLIST_KEY_UISupportedInterfaceOrientations_iPhone = "UIInterfaceOrientationPortrait UIInterfaceOrientationLandscapeLeft UIInterfaceOrientationLandscapeRight";
				IPHONEOS_DEPLOYMENT_TARGET = 15.2;
				LD_RUNPATH_SEARCH_PATHS = (
					"$(inherited)",
					"@executable_path/Frameworks",
				);
				MARKETING_VERSION = 1.0;
				PRODUCT_BUNDLE_IDENTIFIER = com.sooji.SoojiUI;
				PRODUCT_NAME = SoojiUI;
				SDKROOT = iphoneos;
				SWIFT_EMIT_LOC_STRINGS = YES;
				SWIFT_VERSION = 5.0;
				TARGETED_DEVICE_FAMILY = "1,2";
			};
			name = Debug;
		};
		04055788279E4B710004B3F2 /* Release */ = {
			isa = XCBuildConfiguration;
			buildSettings = {
				ASSETCATALOG_COMPILER_APPICON_NAME = AppIcon;
				ASSETCATALOG_COMPILER_GLOBAL_ACCENT_COLOR_NAME = AccentColor;
				CODE_SIGN_STYLE = Automatic;
				CURRENT_PROJECT_VERSION = 1;
				DEVELOPMENT_TEAM = VZDU4TSAAY;
				ENABLE_PREVIEWS = YES;
				GENERATE_INFOPLIST_FILE = YES;
				INFOPLIST_KEY_UIApplicationSceneManifest_Generation = YES;
				INFOPLIST_KEY_UIApplicationSupportsIndirectInputEvents = YES;
				INFOPLIST_KEY_UILaunchScreen_Generation = YES;
				INFOPLIST_KEY_UISupportedInterfaceOrientations_iPad = "UIInterfaceOrientationPortrait UIInterfaceOrientationPortraitUpsideDown UIInterfaceOrientationLandscapeLeft UIInterfaceOrientationLandscapeRight";
				INFOPLIST_KEY_UISupportedInterfaceOrientations_iPhone = "UIInterfaceOrientationPortrait UIInterfaceOrientationLandscapeLeft UIInterfaceOrientationLandscapeRight";
				IPHONEOS_DEPLOYMENT_TARGET = 15.2;
				LD_RUNPATH_SEARCH_PATHS = (
					"$(inherited)",
					"@executable_path/Frameworks",
				);
				MARKETING_VERSION = 1.0;
				PRODUCT_BUNDLE_IDENTIFIER = com.sooji.SoojiUI;
				PRODUCT_NAME = SoojiUI;
				SDKROOT = iphoneos;
				SWIFT_EMIT_LOC_STRINGS = YES;
				SWIFT_VERSION = 5.0;
				TARGETED_DEVICE_FAMILY = "1,2";
				VALIDATE_PRODUCT = YES;
			};
			name = Release;
		};
		0405578A279E4B710004B3F2 /* Debug */ = {
			isa = XCBuildConfiguration;
			buildSettings = {
				ASSETCATALOG_COMPILER_APPICON_NAME = AppIcon;
				ASSETCATALOG_COMPILER_GLOBAL_ACCENT_COLOR_NAME = AccentColor;
				CODE_SIGN_ENTITLEMENTS = macOS/macOS.entitlements;
				CODE_SIGN_STYLE = Automatic;
				COMBINE_HIDPI_IMAGES = YES;
				CURRENT_PROJECT_VERSION = 1;
				DEVELOPMENT_TEAM = VZDU4TSAAY;
				ENABLE_HARDENED_RUNTIME = YES;
				ENABLE_PREVIEWS = YES;
				GENERATE_INFOPLIST_FILE = YES;
				INFOPLIST_KEY_NSHumanReadableCopyright = "";
				LD_RUNPATH_SEARCH_PATHS = (
					"$(inherited)",
					"@executable_path/../Frameworks",
				);
				MACOSX_DEPLOYMENT_TARGET = 11.6;
				MARKETING_VERSION = 1.0;
				PRODUCT_BUNDLE_IDENTIFIER = com.sooji.SoojiUI;
				PRODUCT_NAME = SoojiUI;
				SDKROOT = macosx;
				SWIFT_EMIT_LOC_STRINGS = YES;
				SWIFT_VERSION = 5.0;
			};
			name = Debug;
		};
		0405578B279E4B710004B3F2 /* Release */ = {
			isa = XCBuildConfiguration;
			buildSettings = {
				ASSETCATALOG_COMPILER_APPICON_NAME = AppIcon;
				ASSETCATALOG_COMPILER_GLOBAL_ACCENT_COLOR_NAME = AccentColor;
				CODE_SIGN_ENTITLEMENTS = macOS/macOS.entitlements;
				CODE_SIGN_STYLE = Automatic;
				COMBINE_HIDPI_IMAGES = YES;
				CURRENT_PROJECT_VERSION = 1;
				DEVELOPMENT_TEAM = VZDU4TSAAY;
				ENABLE_HARDENED_RUNTIME = YES;
				ENABLE_PREVIEWS = YES;
				GENERATE_INFOPLIST_FILE = YES;
				INFOPLIST_KEY_NSHumanReadableCopyright = "";
				LD_RUNPATH_SEARCH_PATHS = (
					"$(inherited)",
					"@executable_path/../Frameworks",
				);
				MACOSX_DEPLOYMENT_TARGET = 11.6;
				MARKETING_VERSION = 1.0;
				PRODUCT_BUNDLE_IDENTIFIER = com.sooji.SoojiUI;
				PRODUCT_NAME = SoojiUI;
				SDKROOT = macosx;
				SWIFT_EMIT_LOC_STRINGS = YES;
				SWIFT_VERSION = 5.0;
			};
			name = Release;
		};
		0405578D279E4B710004B3F2 /* Debug */ = {
			isa = XCBuildConfiguration;
			buildSettings = {
				ALWAYS_EMBED_SWIFT_STANDARD_LIBRARIES = YES;
				CODE_SIGN_STYLE = Automatic;
				CURRENT_PROJECT_VERSION = 1;
				DEVELOPMENT_TEAM = VZDU4TSAAY;
				GENERATE_INFOPLIST_FILE = YES;
				IPHONEOS_DEPLOYMENT_TARGET = 15.2;
				MARKETING_VERSION = 1.0;
				PRODUCT_BUNDLE_IDENTIFIER = "com.sooji.Tests-iOS";
				PRODUCT_NAME = "$(TARGET_NAME)";
				SDKROOT = iphoneos;
				SWIFT_EMIT_LOC_STRINGS = NO;
				SWIFT_VERSION = 5.0;
				TARGETED_DEVICE_FAMILY = "1,2";
				TEST_TARGET_NAME = "SoojiUI (iOS)";
			};
			name = Debug;
		};
		0405578E279E4B710004B3F2 /* Release */ = {
			isa = XCBuildConfiguration;
			buildSettings = {
				ALWAYS_EMBED_SWIFT_STANDARD_LIBRARIES = YES;
				CODE_SIGN_STYLE = Automatic;
				CURRENT_PROJECT_VERSION = 1;
				DEVELOPMENT_TEAM = VZDU4TSAAY;
				GENERATE_INFOPLIST_FILE = YES;
				IPHONEOS_DEPLOYMENT_TARGET = 15.2;
				MARKETING_VERSION = 1.0;
				PRODUCT_BUNDLE_IDENTIFIER = "com.sooji.Tests-iOS";
				PRODUCT_NAME = "$(TARGET_NAME)";
				SDKROOT = iphoneos;
				SWIFT_EMIT_LOC_STRINGS = NO;
				SWIFT_VERSION = 5.0;
				TARGETED_DEVICE_FAMILY = "1,2";
				TEST_TARGET_NAME = "SoojiUI (iOS)";
				VALIDATE_PRODUCT = YES;
			};
			name = Release;
		};
		04055790279E4B710004B3F2 /* Debug */ = {
			isa = XCBuildConfiguration;
			buildSettings = {
				ALWAYS_EMBED_SWIFT_STANDARD_LIBRARIES = YES;
				CODE_SIGN_STYLE = Automatic;
				CURRENT_PROJECT_VERSION = 1;
				DEVELOPMENT_TEAM = VZDU4TSAAY;
				GENERATE_INFOPLIST_FILE = YES;
				MACOSX_DEPLOYMENT_TARGET = 11.6;
				MARKETING_VERSION = 1.0;
				PRODUCT_BUNDLE_IDENTIFIER = "com.sooji.Tests-macOS";
				PRODUCT_NAME = "$(TARGET_NAME)";
				SDKROOT = macosx;
				SWIFT_EMIT_LOC_STRINGS = NO;
				SWIFT_VERSION = 5.0;
				TEST_TARGET_NAME = "SoojiUI (macOS)";
			};
			name = Debug;
		};
		04055791279E4B710004B3F2 /* Release */ = {
			isa = XCBuildConfiguration;
			buildSettings = {
				ALWAYS_EMBED_SWIFT_STANDARD_LIBRARIES = YES;
				CODE_SIGN_STYLE = Automatic;
				CURRENT_PROJECT_VERSION = 1;
				DEVELOPMENT_TEAM = VZDU4TSAAY;
				GENERATE_INFOPLIST_FILE = YES;
				MACOSX_DEPLOYMENT_TARGET = 11.6;
				MARKETING_VERSION = 1.0;
				PRODUCT_BUNDLE_IDENTIFIER = "com.sooji.Tests-macOS";
				PRODUCT_NAME = "$(TARGET_NAME)";
				SDKROOT = macosx;
				SWIFT_EMIT_LOC_STRINGS = NO;
				SWIFT_VERSION = 5.0;
				TEST_TARGET_NAME = "SoojiUI (macOS)";
			};
			name = Release;
		};
/* End XCBuildConfiguration section */

/* Begin XCConfigurationList section */
		04055754279E4B6F0004B3F2 /* Build configuration list for PBXProject "SoojiUI" */ = {
			isa = XCConfigurationList;
			buildConfigurations = (
				04055784279E4B710004B3F2 /* Debug */,
				04055785279E4B710004B3F2 /* Release */,
			);
			defaultConfigurationIsVisible = 0;
			defaultConfigurationName = Release;
		};
		04055786279E4B710004B3F2 /* Build configuration list for PBXNativeTarget "SoojiUI (iOS)" */ = {
			isa = XCConfigurationList;
			buildConfigurations = (
				04055787279E4B710004B3F2 /* Debug */,
				04055788279E4B710004B3F2 /* Release */,
			);
			defaultConfigurationIsVisible = 0;
			defaultConfigurationName = Release;
		};
		04055789279E4B710004B3F2 /* Build configuration list for PBXNativeTarget "SoojiUI (macOS)" */ = {
			isa = XCConfigurationList;
			buildConfigurations = (
				0405578A279E4B710004B3F2 /* Debug */,
				0405578B279E4B710004B3F2 /* Release */,
			);
			defaultConfigurationIsVisible = 0;
			defaultConfigurationName = Release;
		};
		0405578C279E4B710004B3F2 /* Build configuration list for PBXNativeTarget "Tests iOS" */ = {
			isa = XCConfigurationList;
			buildConfigurations = (
				0405578D279E4B710004B3F2 /* Debug */,
				0405578E279E4B710004B3F2 /* Release */,
			);
			defaultConfigurationIsVisible = 0;
			defaultConfigurationName = Release;
		};
		0405578F279E4B710004B3F2 /* Build configuration list for PBXNativeTarget "Tests macOS" */ = {
			isa = XCConfigurationList;
			buildConfigurations = (
				04055790279E4B710004B3F2 /* Debug */,
				04055791279E4B710004B3F2 /* Release */,
			);
			defaultConfigurationIsVisible = 0;
			defaultConfigurationName = Release;
		};
/* End XCConfigurationList section */
	};
	rootObject = 04055751279E4B6F0004B3F2 /* Project object */;
}
